
Microsoft Visual Studio Solution File, Format Version 12.00
# Visual Studio Version 17
VisualStudioVersion = 17.0.32112.339
MinimumVisualStudioVersion = 10.0.40219.1
Project("{FAE04EC0-301F-11D3-BF4B-00C04F79EFBC}") = "WebAPI", "WebAPI.csproj", "{56A15596-FD0C-438A-B89A-7F2E5626D6F4}"
EndProject
Global
	GlobalSection(SolutionConfigurationPlatforms) = preSolution
		Debug|Any CPU = Debug|Any CPU
		Release|Any CPU = Release|Any CPU
	EndGlobalSection
	GlobalSection(ProjectConfigurationPlatforms) = postSolution
		{56A15596-FD0C-438A-B89A-7F2E5626D6F4}.Debug|Any CPU.ActiveCfg = Debug|Any CPU
		{56A15596-FD0C-438A-B89A-7F2E5626D6F4}.Debug|Any CPU.Build.0 = Debug|Any CPU
		{56A15596-FD0C-438A-B89A-7F2E5626D6F4}.Release|Any CPU.ActiveCfg = Release|Any CPU
		{56A15596-FD0C-438A-B89A-7F2E5626D6F4}.Release|Any CPU.Build.0 = Release|Any CPU
	EndGlobalSection
	GlobalSection(SolutionProperties) = preSolution
		HideSolutionNode = FALSE
	EndGlobalSection
	GlobalSection(ExtensibilityGlobals) = postSolution
		SolutionGuid = {E2B4BE71-5B73-41EC-8710-2FA4C5823F68}
	EndGlobalSection
EndGlobal
